{
  "name": "test",
  "version": "1.0.0",
  "lockfileVersion": 3,
  "requires": true,
  "packages": {
    "": {
      "name": "test",
      "version": "1.0.0",
      "license": "ISC"
    },
    "../package": {
      "name": "daraja-package",
      "version": "1.0.26",
      "extraneous": true,
      "license": "MIT",
      "dependencies": {
        "axios": "^1.7.9",
        "cors": "^2.8.5",
        "dotenv": "^16.0.1"
      }
    }
  }
}
